
Microsoft Visual Studio Solution File, Format Version 12.00
# Visual Studio 14
VisualStudioVersion = 14.0.25123.0
MinimumVisualStudioVersion = 10.0.40219.1
Project("{FAE04EC0-301F-11D3-BF4B-00C04F79EFBC}") = "HelpServer", "HelpServer\HelpServer.csproj", "{8A8AAB86-08DB-4AB0-BFA4-436BAB1BEDA4}"
EndProject
Project("{FAE04EC0-301F-11D3-BF4B-00C04F79EFBC}") = "HelpServer.Tests", "HelpServer.Tests\HelpServer.Tests.csproj", "{BD3C4A53-5E44-4577-8C54-D4E8A1CF418B}"
EndProject
Global
	GlobalSection(SolutionConfigurationPlatforms) = preSolution
		Debug|Any CPU = Debug|Any CPU
		Release|Any CPU = Release|Any CPU
	EndGlobalSection
	GlobalSection(ProjectConfigurationPlatforms) = postSolution
		{8A8AAB86-08DB-4AB0-BFA4-436BAB1BEDA4}.Debug|Any CPU.ActiveCfg = Debug|Any CPU
		{8A8AAB86-08DB-4AB0-BFA4-436BAB1BEDA4}.Debug|Any CPU.Build.0 = Debug|Any CPU
		{8A8AAB86-08DB-4AB0-BFA4-436BAB1BEDA4}.Release|Any CPU.ActiveCfg = Release|Any CPU
		{8A8AAB86-08DB-4AB0-BFA4-436BAB1BEDA4}.Release|Any CPU.Build.0 = Release|Any CPU
		{BD3C4A53-5E44-4577-8C54-D4E8A1CF418B}.Debug|Any CPU.ActiveCfg = Debug|Any CPU
		{BD3C4A53-5E44-4577-8C54-D4E8A1CF418B}.Debug|Any CPU.Build.0 = Debug|Any CPU
		{BD3C4A53-5E44-4577-8C54-D4E8A1CF418B}.Release|Any CPU.ActiveCfg = Release|Any CPU
		{BD3C4A53-5E44-4577-8C54-D4E8A1CF418B}.Release|Any CPU.Build.0 = Release|Any CPU
	EndGlobalSection
	GlobalSection(SolutionProperties) = preSolution
		HideSolutionNode = FALSE
	EndGlobalSection
EndGlobal
